
Microsoft Visual Studio Solution File, Format Version 12.00
# Visual Studio Version 16
VisualStudioVersion = 16.0.29613.14
MinimumVisualStudioVersion = 10.0.40219.1
Project("{9A19103F-16F7-4668-BE54-9A1E7A4F7556}") = "Oldrook", "Oldrook.csproj", "{FB90F089-2622-4FFB-8B42-F0F71D45CA4C}"
EndProject
Global
	GlobalSection(SolutionConfigurationPlatforms) = preSolution
		Debug|Any CPU = Debug|Any CPU
		Release|Any CPU = Release|Any CPU
	EndGlobalSection
	GlobalSection(ProjectConfigurationPlatforms) = postSolution
		{FB90F089-2622-4FFB-8B42-F0F71D45CA4C}.Debug|Any CPU.ActiveCfg = Debug|Any CPU
		{FB90F089-2622-4FFB-8B42-F0F71D45CA4C}.Debug|Any CPU.Build.0 = Debug|Any CPU
		{FB90F089-2622-4FFB-8B42-F0F71D45CA4C}.Release|Any CPU.ActiveCfg = Release|Any CPU
		{FB90F089-2622-4FFB-8B42-F0F71D45CA4C}.Release|Any CPU.Build.0 = Release|Any CPU
	EndGlobalSection
	GlobalSection(SolutionProperties) = preSolution
		HideSolutionNode = FALSE
	EndGlobalSection
	GlobalSection(ExtensibilityGlobals) = postSolution
		SolutionGuid = {4C0E690F-05B1-4B5A-BB8C-3CC28B404FF8}
	EndGlobalSection
EndGlobal
